
Microsoft Visual Studio Solution File, Format Version 12.00
# Visual Studio Version 16
VisualStudioVersion = 16.0.28803.202
MinimumVisualStudioVersion = 10.0.40219.1
Project("{FAE04EC0-301F-11D3-BF4B-00C04F79EFBC}") = "Frosenl", "Frosenl\Frosenl.csproj", "{CCBEA97F-28A7-4546-A744-F46B4AA8673E}"
EndProject
Global
	GlobalSection(SolutionConfigurationPlatforms) = preSolution
		Debug|Any CPU = Debug|Any CPU
		Release|Any CPU = Release|Any CPU
	EndGlobalSection
	GlobalSection(ProjectConfigurationPlatforms) = postSolution
		{CCBEA97F-28A7-4546-A744-F46B4AA8673E}.Debug|Any CPU.ActiveCfg = Debug|Any CPU
		{CCBEA97F-28A7-4546-A744-F46B4AA8673E}.Debug|Any CPU.Build.0 = Debug|Any CPU
		{CCBEA97F-28A7-4546-A744-F46B4AA8673E}.Release|Any CPU.ActiveCfg = Release|Any CPU
		{CCBEA97F-28A7-4546-A744-F46B4AA8673E}.Release|Any CPU.Build.0 = Release|Any CPU
	EndGlobalSection
	GlobalSection(SolutionProperties) = preSolution
		HideSolutionNode = FALSE
	EndGlobalSection
	GlobalSection(ExtensibilityGlobals) = postSolution
		SolutionGuid = {C68CB7F5-2B6F-414A-9522-1F690B3575A0}
	EndGlobalSection
EndGlobal
